{
  "name": "cv-optimizer",
  "version": "0.1.0",
  "lockfileVersion": 3,
  "requires": true,
  "packages": {
    "": {
      "name": "cv-optimizer",
      "version": "0.1.0",
      "workspaces": [
        "apps/*",
        "packages/*"
      ],
      "devDependencies": {
        "turbo": "latest"
      }
    },
    "node_modules/turbo": {
      "resolved": "turbo@latest"
    }
  }
}
